// !$*UTF8*$!
{
	archiveVersion = 1;
	classes = {
	};
	objectVersion = 46;
	objects = {

/* Begin PBXBuildFile section */
		4AFFA9521D3819A700ABD1D4 /* AppDelegate.swift in Sources */ = {isa = PBXBuildFile; fileRef = 4AFFA9511D3819A700ABD1D4 /* AppDelegate.swift */; };
		4AFFA9541D3819A700ABD1D4 /* ViewController.swift in Sources */ = {isa = PBXBuildFile; fileRef = 4AFFA9531D3819A700ABD1D4 /* ViewController.swift */; };
		4AFFA9571D3819A700ABD1D4 /* Main.storyboard in Resources */ = {isa = PBXBuildFile; fileRef = 4AFFA9551D3819A700ABD1D4 /* Main.storyboard */; };
		4AFFA9591D3819A700ABD1D4 /* Assets.xcassets in Resources */ = {isa = PBXBuildFile; fileRef = 4AFFA9581D3819A700ABD1D4 /* Assets.xcassets */; };
		4AFFA95C1D3819A700ABD1D4 /* LaunchScreen.storyboard in Resources */ = {isa = PBXBuildFile; fileRef = 4AFFA95A1D3819A700ABD1D4 /* LaunchScreen.storyboard */; };
/* End PBXBuildFile section */

/* Begin PBXFileReference section */
		4AFFA94E1D3819A700ABD1D4 /* PrintOdd-Swift.app */ = {isa = PBXFileReference; explicitFileType = wrapper.application; includeInIndex = 0; path = "PrintOdd-Swift.app"; sourceTree = BUILT_PRODUCTS_DIR; };
		4AFFA9511D3819A700ABD1D4 /* AppDelegate.swift */ = {isa = PBXFileReference; lastKnownFileType = sourcecode.swift; path = AppDelegate.swift; sourceTree = "<group>"; };
		4AFFA9531D3819A700ABD1D4 /* ViewController.swift */ = {isa = PBXFileReference; lastKnownFileType = sourcecode.swift; path = ViewController.swift; sourceTree = "<group>"; };
		4AFFA9561D3819A700ABD1D4 /* Base */ = {isa = PBXFileReference; lastKnownFileType = file.storyboard; name = Base; path = Base.lproj/Main.storyboard; sourceTree = "<group>"; };
		4AFFA9581D3819A700ABD1D4 /* Assets.xcassets */ = {isa = PBXFileReference; lastKnownFileType = folder.assetcatalog; path = Assets.xcassets; sourceTree = "<group>"; };
		4AFFA95B1D3819A700ABD1D4 /* Base */ = {isa = PBXFileReference; lastKnownFileType = file.storyboard; name = Base; path = Base.lproj/LaunchScreen.storyboard; sourceTree = "<group>"; };
		4AFFA95D1D3819A700ABD1D4 /* Info.plist */ = {isa = PBXFileReference; lastKnownFileType = text.plist.xml; path = Info.plist; sourceTree = "<group>"; };
/* End PBXFileReference section */

/* Begin PBXFrameworksBuildPhase section */
		4AFFA94B1D3819A700ABD1D4 /* Frameworks */ = {
			isa = PBXFrameworksBuildPhase;
			buildActionMask = 2147483647;
			files = (
			);
			runOnlyForDeploymentPostprocessing = 0;
		};
/* End PBXFrameworksBuildPhase section */

/* Begin PBXGroup section */
		4AFFA9451D3819A700ABD1D4 = {
			isa = PBXGroup;
			children = (
				4AFFA9501D3819A700ABD1D4 /* PrintOdd-Swift */,
				4AFFA94F1D3819A700ABD1D4 /* Products */,
			);
			sourceTree = "<group>";
		};
		4AFFA94F1D3819A700ABD1D4 /* Products */ = {
			isa = PBXGroup;
			children = (
				4AFFA94E1D3819A700ABD1D4 /* PrintOdd-Swift.app */,
			);
			name = Products;
			sourceTree = "<group>";
		};
		4AFFA9501D3819A700ABD1D4 /* PrintOdd-Swift */ = {
			isa = PBXGroup;
			children = (
				4AFFA9511D3819A700ABD1D4 /* AppDelegate.swift */,
				4AFFA9531D3819A700ABD1D4 /* ViewController.swift */,
				4AFFA9551D3819A700ABD1D4 /* Main.storyboard */,
				4AFFA9581D3819A700ABD1D4 /* Assets.xcassets */,
				4AFFA95A1D3819A700ABD1D4 /* LaunchScreen.storyboard */,
				4AFFA95D1D3819A700ABD1D4 /* Info.plist */,
			);
			path = "PrintOdd-Swift";
			sourceTree = "<group>";
		};
/* End PBXGroup section */

/* Begin PBXNativeTarget section */
		4AFFA94D1D3819A700ABD1D4 /* PrintOdd-Swift */ = {
			isa = PBXNativeTarget;
			buildConfigurationList = 4AFFA9601D3819A700ABD1D4 /* Build configuration list for PBXNativeTarget "PrintOdd-Swift" */;
			buildPhases = (
				4AFFA94A1D3819A700ABD1D4 /* Sources */,
				4AFFA94B1D3819A700ABD1D4 /* Frameworks */,
				4AFFA94C1D3819A700ABD1D4 /* Resources */,
			);
			buildRules = (
			);
			dependencies = (
			);
			name = "PrintOdd-Swift";
			productName = "PrintOdd-Swift";
			productReference = 4AFFA94E1D3819A700ABD1D4 /* PrintOdd-Swift.app */;
			productType = "com.apple.product-type.application";
		};
/* End PBXNativeTarget section */

/* Begin PBXProject section */
		4AFFA9461D3819A700ABD1D4 /* Project object */ = {
			isa = PBXProject;
			attributes = {
				LastSwiftUpdateCheck = 0730;
				LastUpgradeCheck = 0730;
				ORGANIZATIONNAME = elementC;
				TargetAttributes = {
					4AFFA94D1D3819A700ABD1D4 = {
						CreatedOnToolsVersion = 7.3;
					};
				};
			};
			buildConfigurationList = 4AFFA9491D3819A700ABD1D4 /* Build configuration list for PBXProject "PrintOdd-Swift" */;
			compatibilityVersion = "Xcode 3.2";
			developmentRegion = English;
			hasScannedForEncodings = 0;
			knownRegions = (
				en,
				Base,
			);
			mainGroup = 4AFFA9451D3819A700ABD1D4;
			productRefGroup = 4AFFA94F1D3819A700ABD1D4 /* Products */;
			projectDirPath = "";
			projectRoot = "";
			targets = (
				4AFFA94D1D3819A700ABD1D4 /* PrintOdd-Swift */,
			);
		};
/* End PBXProject section */

/* Begin PBXResourcesBuildPhase section */
		4AFFA94C1D3819A700ABD1D4 /* Resources */ = {
			isa = PBXResourcesBuildPhase;
			buildActionMask = 2147483647;
			files = (
				4AFFA95C1D3819A700ABD1D4 /* LaunchScreen.storyboard in Resources */,
				4AFFA9591D3819A700ABD1D4 /* Assets.xcassets in Resources */,
				4AFFA9571D3819A700ABD1D4 /* Main.storyboard in Resources */,
			);
			runOnlyForDeploymentPostprocessing = 0;
		};
/* End PBXResourcesBuildPhase section */

/* Begin PBXSourcesBuildPhase section */
		4AFFA94A1D3819A700ABD1D4 /* Sources */ = {
			isa = PBXSourcesBuildPhase;
			buildActionMask = 2147483647;
			files = (
				4AFFA9541D3819A700ABD1D4 /* ViewController.swift in Sources */,
				4AFFA9521D3819A700ABD1D4 /* AppDelegate.swift in Sources */,
			);
			runOnlyForDeploymentPostprocessing = 0;
		};
/* End PBXSourcesBuildPhase section */

/* Begin PBXVariantGroup section */
		4AFFA9551D3819A700ABD1D4 /* Main.storyboard */ = {
			isa = PBXVariantGroup;
			children = (
				4AFFA9561D3819A700ABD1D4 /* Base */,
			);
			name = Main.storyboard;
			sourceTree = "<group>";
		};
		4AFFA95A1D3819A700ABD1D4 /* LaunchScreen.storyboard */ = {
			isa = PBXVariantGroup;
			children = (
				4AFFA95B1D3819A700ABD1D4 /* Base */,
			);
			name = LaunchScreen.storyboard;
			sourceTree = "<group>";
		};
/* End PBXVariantGroup section */

/* Begin XCBuildConfiguration section */
		4AFFA95E1D3819A700ABD1D4 /* Debug */ = {
			isa = XCBuildConfiguration;
			buildSettings = {
				ALWAYS_SEARCH_USER_PATHS = NO;
				CLANG_ANALYZER_NONNULL = YES;
				CLANG_CXX_LANGUAGE_STANDARD = "gnu++0x";
				CLANG_CXX_LIBRARY = "libc++";
				CLANG_ENABLE_MODULES = YES;
				CLANG_ENABLE_OBJC_ARC = YES;
				CLANG_WARN_BOOL_CONVERSION = YES;
				CLANG_WARN_CONSTANT_CONVERSION = YES;
				CLANG_WARN_DIRECT_OBJC_ISA_USAGE = YES_ERROR;
				CLANG_WARN_EMPTY_BODY = YES;
				CLANG_WARN_ENUM_CONVERSION = YES;
				CLANG_WARN_INT_CONVERSION = YES;
				CLANG_WARN_OBJC_ROOT_CLASS = YES_ERROR;
				CLANG_WARN_UNREACHABLE_CODE = YES;
				CLANG_WARN__DUPLICATE_METHOD_MATCH = YES;
				"CODE_SIGN_IDENTITY[sdk=iphoneos*]" = "iPhone Developer";
				COPY_PHASE_STRIP = NO;
				DEBUG_INFORMATION_FORMAT = dwarf;
				ENABLE_STRICT_OBJC_MSGSEND = YES;
				ENABLE_TESTABILITY = YES;
				GCC_C_LANGUAGE_STANDARD = gnu99;
				GCC_DYNAMIC_NO_PIC = NO;
				GCC_NO_COMMON_BLOCKS = YES;
				GCC_OPTIMIZATION_LEVEL = 0;
				GCC_PREPROCESSOR_DEFINITIONS = (
					"DEBUG=1",
					"$(inherited)",
				);
				GCC_WARN_64_TO_32_BIT_CONVERSION = YES;
				GCC_WARN_ABOUT_RETURN_TYPE = YES_ERROR;
				GCC_WARN_UNDECLARED_SELECTOR = YES;
				GCC_WARN_UNINITIALIZED_AUTOS = YES_AGGRESSIVE;
				GCC_WARN_UNUSED_FUNCTION = YES;
				GCC_WARN_UNUSED_VARIABLE = YES;
				IPHONEOS_DEPLOYMENT_TARGET = 9.3;
				MTL_ENABLE_DEBUG_INFO = YES;
				ONLY_ACTIVE_ARCH = YES;
				SDKROOT = iphoneos;
				SWIFT_OPTIMIZATION_LEVEL = "-Onone";
			};
			name = Debug;
		};
		4AFFA95F1D3819A700ABD1D4 /* Release */ = {
			isa = XCBuildConfiguration;
			buildSettings = {
				ALWAYS_SEARCH_USER_PATHS = NO;
				CLANG_ANALYZER_NONNULL = YES;
				CLANG_CXX_LANGUAGE_STANDARD = "gnu++0x";
				CLANG_CXX_LIBRARY = "libc++";
				CLANG_ENABLE_MODULES = YES;
				CLANG_ENABLE_OBJC_ARC = YES;
				CLANG_WARN_BOOL_CONVERSION = YES;
				CLANG_WARN_CONSTANT_CONVERSION = YES;
				CLANG_WARN_DIRECT_OBJC_ISA_USAGE = YES_ERROR;
				CLANG_WARN_EMPTY_BODY = YES;
				CLANG_WARN_ENUM_CONVERSION = YES;
				CLANG_WARN_INT_CONVERSION = YES;
				CLANG_WARN_OBJC_ROOT_CLASS = YES_ERROR;
				CLANG_WARN_UNREACHABLE_CODE = YES;
				CLANG_WARN__DUPLICATE_METHOD_MATCH = YES;
				"CODE_SIGN_IDENTITY[sdk=iphoneos*]" = "iPhone Developer";
				COPY_PHASE_STRIP = NO;
				DEBUG_INFORMATION_FORMAT = "dwarf-with-dsym";
				ENABLE_NS_ASSERTIONS = NO;
				ENABLE_STRICT_OBJC_MSGSEND = YES;
				GCC_C_LANGUAGE_STANDARD = gnu99;
				GCC_NO_COMMON_BLOCKS = YES;
				GCC_WARN_64_TO_32_BIT_CONVERSION = YES;
				GCC_WARN_ABOUT_RETURN_TYPE = YES_ERROR;
				GCC_WARN_UNDECLARED_SELECTOR = YES;
				GCC_WARN_UNINITIALIZED_AUTOS = YES_AGGRESSIVE;
				GCC_WARN_UNUSED_FUNCTION = YES;
				GCC_WARN_UNUSED_VARIABLE = YES;
				IPHONEOS_DEPLOYMENT_TARGET = 9.3;
				MTL_ENABLE_DEBUG_INFO = NO;
				SDKROOT = iphoneos;
				VALIDATE_PRODUCT = YES;
			};
			name = Release;
		};
		4AFFA9611D3819A700ABD1D4 /* Debug */ = {
			isa = XCBuildConfiguration;
			buildSettings = {
				ASSETCATALOG_COMPILER_APPICON_NAME = AppIcon;
				INFOPLIST_FILE = "PrintOdd-Swift/Info.plist";
				LD_RUNPATH_SEARCH_PATHS = "$(inherited) @executable_path/Frameworks";
				PRODUCT_BUNDLE_IDENTIFIER = "com.elementC.PrintOdd-Swift";
				PRODUCT_NAME = "$(TARGET_NAME)";
			};
			name = Debug;
		};
		4AFFA9621D3819A700ABD1D4 /* Release */ = {
			isa = XCBuildConfiguration;
			buildSettings = {
				ASSETCATALOG_COMPILER_APPICON_NAME = AppIcon;
				INFOPLIST_FILE = "PrintOdd-Swift/Info.plist";
				LD_RUNPATH_SEARCH_PATHS = "$(inherited) @executable_path/Frameworks";
				PRODUCT_BUNDLE_IDENTIFIER = "com.elementC.PrintOdd-Swift";
				PRODUCT_NAME = "$(TARGET_NAME)";
			};
			name = Release;
		};
/* End XCBuildConfiguration section */

/* Begin XCConfigurationList section */
		4AFFA9491D3819A700ABD1D4 /* Build configuration list for PBXProject "PrintOdd-Swift" */ = {
			isa = XCConfigurationList;
			buildConfigurations = (
				4AFFA95E1D3819A700ABD1D4 /* Debug */,
				4AFFA95F1D3819A700ABD1D4 /* Release */,
			);
			defaultConfigurationIsVisible = 0;
			defaultConfigurationName = Release;
		};
		4AFFA9601D3819A700ABD1D4 /* Build configuration list for PBXNativeTarget "PrintOdd-Swift" */ = {
			isa = XCConfigurationList;
			buildConfigurations = (
				4AFFA9611D3819A700ABD1D4 /* Debug */,
				4AFFA9621D3819A700ABD1D4 /* Release */,
			);
			defaultConfigurationIsVisible = 0;
		};
/* End XCConfigurationList section */
	};
	rootObject = 4AFFA9461D3819A700ABD1D4 /* Project object */;
}
